
Microsoft Visual Studio Solution File, Format Version 12.00
# Visual Studio 14
VisualStudioVersion = 14.0.25123.0
MinimumVisualStudioVersion = 10.0.40219.1
Project("{FAE04EC0-301F-11D3-BF4B-00C04F79EFBC}") = "HomeController", "HomeController\HomeController.csproj", "{EF549D67-17F8-493F-BFE3-EEF608B87E41}"
EndProject
Global
	GlobalSection(SolutionConfigurationPlatforms) = preSolution
		Debug|ARM = Debug|ARM
		Debug|x64 = Debug|x64
		Debug|x86 = Debug|x86
		Release|ARM = Release|ARM
		Release|x64 = Release|x64
		Release|x86 = Release|x86
	EndGlobalSection
	GlobalSection(ProjectConfigurationPlatforms) = postSolution
		{EF549D67-17F8-493F-BFE3-EEF608B87E41}.Debug|ARM.ActiveCfg = Debug|ARM
		{EF549D67-17F8-493F-BFE3-EEF608B87E41}.Debug|ARM.Build.0 = Debug|ARM
		{EF549D67-17F8-493F-BFE3-EEF608B87E41}.Debug|ARM.Deploy.0 = Debug|ARM
		{EF549D67-17F8-493F-BFE3-EEF608B87E41}.Debug|x64.ActiveCfg = Debug|x64
		{EF549D67-17F8-493F-BFE3-EEF608B87E41}.Debug|x64.Build.0 = Debug|x64
		{EF549D67-17F8-493F-BFE3-EEF608B87E41}.Debug|x64.Deploy.0 = Debug|x64
		{EF549D67-17F8-493F-BFE3-EEF608B87E41}.Debug|x86.ActiveCfg = Debug|x86
		{EF549D67-17F8-493F-BFE3-EEF608B87E41}.Debug|x86.Build.0 = Debug|x86
		{EF549D67-17F8-493F-BFE3-EEF608B87E41}.Debug|x86.Deploy.0 = Debug|x86
		{EF549D67-17F8-493F-BFE3-EEF608B87E41}.Release|ARM.ActiveCfg = Release|ARM
		{EF549D67-17F8-493F-BFE3-EEF608B87E41}.Release|ARM.Build.0 = Release|ARM
		{EF549D67-17F8-493F-BFE3-EEF608B87E41}.Release|ARM.Deploy.0 = Release|ARM
		{EF549D67-17F8-493F-BFE3-EEF608B87E41}.Release|x64.ActiveCfg = Release|x64
		{EF549D67-17F8-493F-BFE3-EEF608B87E41}.Release|x64.Build.0 = Release|x64
		{EF549D67-17F8-493F-BFE3-EEF608B87E41}.Release|x64.Deploy.0 = Release|x64
		{EF549D67-17F8-493F-BFE3-EEF608B87E41}.Release|x86.ActiveCfg = Release|x86
		{EF549D67-17F8-493F-BFE3-EEF608B87E41}.Release|x86.Build.0 = Release|x86
		{EF549D67-17F8-493F-BFE3-EEF608B87E41}.Release|x86.Deploy.0 = Release|x86
	EndGlobalSection
	GlobalSection(SolutionProperties) = preSolution
		HideSolutionNode = FALSE
	EndGlobalSection
EndGlobal
